// !$*UTF8*$!
{
	archiveVersion = 1;
	classes = {
	};
	objectVersion = 46;
	objects = {

/* Begin PBXBuildFile section */
		8E2C91021B09C35200761A1E /* AppDelegate.swift in Sources */ = {isa = PBXBuildFile; fileRef = 8E2C91011B09C35200761A1E /* AppDelegate.swift */; };
		8E2C91051B09C35200761A1E /* GyroArray.xcdatamodeld in Sources */ = {isa = PBXBuildFile; fileRef = 8E2C91031B09C35200761A1E /* GyroArray.xcdatamodeld */; };
		8E2C910A1B09C35200761A1E /* Main.storyboard in Resources */ = {isa = PBXBuildFile; fileRef = 8E2C91081B09C35200761A1E /* Main.storyboard */; };
		8E2C910C1B09C35200761A1E /* Images.xcassets in Resources */ = {isa = PBXBuildFile; fileRef = 8E2C910B1B09C35200761A1E /* Images.xcassets */; };
		8E2C910F1B09C35200761A1E /* LaunchScreen.xib in Resources */ = {isa = PBXBuildFile; fileRef = 8E2C910D1B09C35200761A1E /* LaunchScreen.xib */; };
		8E2C911B1B09C35200761A1E /* GyroArrayTests.swift in Sources */ = {isa = PBXBuildFile; fileRef = 8E2C911A1B09C35200761A1E /* GyroArrayTests.swift */; };
		8E2C91251B09C38B00761A1E /* UIKit.framework in Frameworks */ = {isa = PBXBuildFile; fileRef = 8E2C91241B09C38B00761A1E /* UIKit.framework */; };
		8E2C91271B09C39500761A1E /* CoreMotion.framework in Frameworks */ = {isa = PBXBuildFile; fileRef = 8E2C91261B09C39500761A1E /* CoreMotion.framework */; };
		8E6489721B23C5700091190D /* getMotionSensor.swift in Sources */ = {isa = PBXBuildFile; fileRef = 8E6489711B23C5700091190D /* getMotionSensor.swift */; };
		8E6489741B23C61C0091190D /* JsonSaveData.swift in Sources */ = {isa = PBXBuildFile; fileRef = 8E6489731B23C61C0091190D /* JsonSaveData.swift */; };
		8EA19C671B30787F004A3794 /* SaveDataAll.swift in Sources */ = {isa = PBXBuildFile; fileRef = 8EA19C661B30787F004A3794 /* SaveDataAll.swift */; };
		8EAFA7701B392357005FCCD8 /* httpgets.swift in Sources */ = {isa = PBXBuildFile; fileRef = 8EAFA76F1B392357005FCCD8 /* httpgets.swift */; };
		CC11B7621B47054400F2BBBE /* ViewControlle5.swift in Sources */ = {isa = PBXBuildFile; fileRef = CC11B7611B47054400F2BBBE /* ViewControlle5.swift */; };
		CC36C07F1B46E5E900574280 /* ViewController2.swift in Sources */ = {isa = PBXBuildFile; fileRef = CC36C07E1B46E5E900574280 /* ViewController2.swift */; };
		CC36C0811B46E65200574280 /* sample.mp3 in Resources */ = {isa = PBXBuildFile; fileRef = CC36C0801B46E65200574280 /* sample.mp3 */; };
		CC36C0831B46E73D00574280 /* kid_fort.jpg in Resources */ = {isa = PBXBuildFile; fileRef = CC36C0821B46E73D00574280 /* kid_fort.jpg */; };
		CC36C0871B46F3E200574280 /* ViewController4.swift in Sources */ = {isa = PBXBuildFile; fileRef = CC36C0861B46F3E200574280 /* ViewController4.swift */; };
		CCC4B28F1B4665A5006CDDDF /* sleep001-580x333.jpg in Resources */ = {isa = PBXBuildFile; fileRef = CCC4B28E1B4665A5006CDDDF /* sleep001-580x333.jpg */; };
		CCC4B2931B4692CF006CDDDF /* Read-A-Book.jpg in Resources */ = {isa = PBXBuildFile; fileRef = CCC4B2921B4692CF006CDDDF /* Read-A-Book.jpg */; };
		CCC4B2971B46A219006CDDDF /* female-jogger-silhouette-fog-sunset-run-bay-area-sky.jpg in Resources */ = {isa = PBXBuildFile; fileRef = CCC4B2961B46A219006CDDDF /* female-jogger-silhouette-fog-sunset-run-bay-area-sky.jpg */; };
		CCC4B2991B46A399006CDDDF /* hot-milk.jpg in Resources */ = {isa = PBXBuildFile; fileRef = CCC4B2981B46A399006CDDDF /* hot-milk.jpg */; };
		CCC4B2A71B46E079006CDDDF /* IMG_0021.JPG in Resources */ = {isa = PBXBuildFile; fileRef = CCC4B2A61B46E079006CDDDF /* IMG_0021.JPG */; };
		CCD66E201B4B9BEC00FA68C6 /* Clock-50.png in Resources */ = {isa = PBXBuildFile; fileRef = CCD66E1F1B4B9BEC00FA68C6 /* Clock-50.png */; };
		CCD66E221B4B9CA600FA68C6 /* Bullish-50.png in Resources */ = {isa = PBXBuildFile; fileRef = CCD66E211B4B9CA600FA68C6 /* Bullish-50.png */; };
		CCD66E241B4B9E1600FA68C6 /* Twitter-50.png in Resources */ = {isa = PBXBuildFile; fileRef = CCD66E231B4B9E1600FA68C6 /* Twitter-50.png */; };
		CCD66E261B4BA0CD00FA68C6 /* Twitter-25.png in Resources */ = {isa = PBXBuildFile; fileRef = CCD66E251B4BA0CD00FA68C6 /* Twitter-25.png */; };
		CCD66E281B4BA10300FA68C6 /* Twitter-32.png in Resources */ = {isa = PBXBuildFile; fileRef = CCD66E271B4BA10300FA68C6 /* Twitter-32.png */; };
		CCD66E2A1B4BA16900FA68C6 /* Bed-32.png in Resources */ = {isa = PBXBuildFile; fileRef = CCD66E291B4BA16900FA68C6 /* Bed-32.png */; };
		CCE210001B480F1D00853213 /* W20150704215311607.jpg in Resources */ = {isa = PBXBuildFile; fileRef = CCE20FFF1B480F1D00853213 /* W20150704215311607.jpg */; };
		CCF03B3C1B4BA87D00E34191 /* Frame-50.png in Resources */ = {isa = PBXBuildFile; fileRef = CCF03B3B1B4BA87D00E34191 /* Frame-50.png */; };
		CCF03B3E1B4BAF0E00E34191 /* Frame-100.png in Resources */ = {isa = PBXBuildFile; fileRef = CCF03B3D1B4BAF0E00E34191 /* Frame-100.png */; };
/* End PBXBuildFile section */

/* Begin PBXContainerItemProxy section */
		8E2C91151B09C35200761A1E /* PBXContainerItemProxy */ = {
			isa = PBXContainerItemProxy;
			containerPortal = 8E2C90F41B09C35200761A1E /* Project object */;
			proxyType = 1;
			remoteGlobalIDString = 8E2C90FB1B09C35200761A1E;
			remoteInfo = GyroArray;
		};
/* End PBXContainerItemProxy section */

/* Begin PBXFileReference section */
		8E2C90FC1B09C35200761A1E /* GyroArray.app */ = {isa = PBXFileReference; explicitFileType = wrapper.application; includeInIndex = 0; path = GyroArray.app; sourceTree = BUILT_PRODUCTS_DIR; };
		8E2C91011B09C35200761A1E /* AppDelegate.swift */ = {isa = PBXFileReference; lastKnownFileType = sourcecode.swift; path = AppDelegate.swift; sourceTree = "<group>"; };
		8E2C91041B09C35200761A1E /* GyroArray.xcdatamodel */ = {isa = PBXFileReference; lastKnownFileType = wrapper.xcdatamodel; path = GyroArray.xcdatamodel; sourceTree = "<group>"; };
		8E2C91091B09C35200761A1E /* Base */ = {isa = PBXFileReference; lastKnownFileType = file.storyboard; name = Base; path = Base.lproj/Main.storyboard; sourceTree = "<group>"; };
		8E2C910B1B09C35200761A1E /* Images.xcassets */ = {isa = PBXFileReference; lastKnownFileType = folder.assetcatalog; path = Images.xcassets; sourceTree = "<group>"; };
		8E2C910E1B09C35200761A1E /* Base */ = {isa = PBXFileReference; lastKnownFileType = file.xib; name = Base; path = Base.lproj/LaunchScreen.xib; sourceTree = "<group>"; };
		8E2C91141B09C35200761A1E /* GyroArrayTests.xctest */ = {isa = PBXFileReference; explicitFileType = wrapper.cfbundle; includeInIndex = 0; path = GyroArrayTests.xctest; sourceTree = BUILT_PRODUCTS_DIR; };
		8E2C91191B09C35200761A1E /* Info.plist */ = {isa = PBXFileReference; lastKnownFileType = text.plist.xml; path = Info.plist; sourceTree = "<group>"; };
		8E2C911A1B09C35200761A1E /* GyroArrayTests.swift */ = {isa = PBXFileReference; lastKnownFileType = sourcecode.swift; path = GyroArrayTests.swift; sourceTree = "<group>"; };
		8E2C91241B09C38B00761A1E /* UIKit.framework */ = {isa = PBXFileReference; lastKnownFileType = wrapper.framework; name = UIKit.framework; path = System/Library/Frameworks/UIKit.framework; sourceTree = SDKROOT; };
		8E2C91261B09C39500761A1E /* CoreMotion.framework */ = {isa = PBXFileReference; lastKnownFileType = wrapper.framework; name = CoreMotion.framework; path = System/Library/Frameworks/CoreMotion.framework; sourceTree = SDKROOT; };
		8E6489711B23C5700091190D /* getMotionSensor.swift */ = {isa = PBXFileReference; fileEncoding = 4; lastKnownFileType = sourcecode.swift; path = getMotionSensor.swift; sourceTree = "<group>"; };
		8E6489731B23C61C0091190D /* JsonSaveData.swift */ = {isa = PBXFileReference; fileEncoding = 4; lastKnownFileType = sourcecode.swift; path = JsonSaveData.swift; sourceTree = "<group>"; };
		8EA19C661B30787F004A3794 /* SaveDataAll.swift */ = {isa = PBXFileReference; fileEncoding = 4; lastKnownFileType = sourcecode.swift; path = SaveDataAll.swift; sourceTree = "<group>"; };
		8EAFA76F1B392357005FCCD8 /* httpgets.swift */ = {isa = PBXFileReference; fileEncoding = 4; lastKnownFileType = sourcecode.swift; path = httpgets.swift; sourceTree = "<group>"; };
		8ED06F281B241DB200F448D2 /* Foundation.framework */ = {isa = PBXFileReference; lastKnownFileType = wrapper.framework; name = Foundation.framework; path = System/Library/Frameworks/Foundation.framework; sourceTree = SDKROOT; };
		8ED06F2A1B241DBD00F448D2 /* Security.framework */ = {isa = PBXFileReference; lastKnownFileType = wrapper.framework; name = Security.framework; path = System/Library/Frameworks/Security.framework; sourceTree = SDKROOT; };
		8ED06F2C1B241DC500F448D2 /* CFNetwork.framework */ = {isa = PBXFileReference; lastKnownFileType = wrapper.framework; name = CFNetwork.framework; path = System/Library/Frameworks/CFNetwork.framework; sourceTree = SDKROOT; };
		8ED06F2E1B241DD600F448D2 /* libcupolicy.dylib */ = {isa = PBXFileReference; lastKnownFileType = "compiled.mach-o.dylib"; name = libcupolicy.dylib; path = usr/lib/libcupolicy.dylib; sourceTree = SDKROOT; };
		CC11B7611B47054400F2BBBE /* ViewControlle5.swift */ = {isa = PBXFileReference; fileEncoding = 4; lastKnownFileType = sourcecode.swift; path = ViewControlle5.swift; sourceTree = "<group>"; };
		CC36C07E1B46E5E900574280 /* ViewController2.swift */ = {isa = PBXFileReference; fileEncoding = 4; lastKnownFileType = sourcecode.swift; path = ViewController2.swift; sourceTree = "<group>"; };
		CC36C0801B46E65200574280 /* sample.mp3 */ = {isa = PBXFileReference; lastKnownFileType = audio.mp3; path = sample.mp3; sourceTree = "<group>"; };
		CC36C0821B46E73D00574280 /* kid_fort.jpg */ = {isa = PBXFileReference; lastKnownFileType = image.jpeg; path = kid_fort.jpg; sourceTree = "<group>"; };
		CC36C0861B46F3E200574280 /* ViewController4.swift */ = {isa = PBXFileReference; fileEncoding = 4; lastKnownFileType = sourcecode.swift; path = ViewController4.swift; sourceTree = "<group>"; };
		CCC4B28E1B4665A5006CDDDF /* sleep001-580x333.jpg */ = {isa = PBXFileReference; lastKnownFileType = image.jpeg; path = "sleep001-580x333.jpg"; sourceTree = "<group>"; };
		CCC4B2921B4692CF006CDDDF /* Read-A-Book.jpg */ = {isa = PBXFileReference; lastKnownFileType = image.jpeg; path = "Read-A-Book.jpg"; sourceTree = "<group>"; };
		CCC4B2961B46A219006CDDDF /* female-jogger-silhouette-fog-sunset-run-bay-area-sky.jpg */ = {isa = PBXFileReference; lastKnownFileType = image.jpeg; path = "female-jogger-silhouette-fog-sunset-run-bay-area-sky.jpg"; sourceTree = "<group>"; };
		CCC4B2981B46A399006CDDDF /* hot-milk.jpg */ = {isa = PBXFileReference; lastKnownFileType = image.jpeg; path = "hot-milk.jpg"; sourceTree = "<group>"; };
		CCC4B2A61B46E079006CDDDF /* IMG_0021.JPG */ = {isa = PBXFileReference; lastKnownFileType = image.jpeg; path = IMG_0021.JPG; sourceTree = "<group>"; };
		CCD66E1F1B4B9BEC00FA68C6 /* Clock-50.png */ = {isa = PBXFileReference; lastKnownFileType = image.png; path = "Clock-50.png"; sourceTree = "<group>"; };
		CCD66E211B4B9CA600FA68C6 /* Bullish-50.png */ = {isa = PBXFileReference; lastKnownFileType = image.png; path = "Bullish-50.png"; sourceTree = "<group>"; };
		CCD66E231B4B9E1600FA68C6 /* Twitter-50.png */ = {isa = PBXFileReference; lastKnownFileType = image.png; path = "Twitter-50.png"; sourceTree = "<group>"; };
		CCD66E251B4BA0CD00FA68C6 /* Twitter-25.png */ = {isa = PBXFileReference; lastKnownFileType = image.png; path = "Twitter-25.png"; sourceTree = "<group>"; };
		CCD66E271B4BA10300FA68C6 /* Twitter-32.png */ = {isa = PBXFileReference; lastKnownFileType = image.png; path = "Twitter-32.png"; sourceTree = "<group>"; };
		CCD66E291B4BA16900FA68C6 /* Bed-32.png */ = {isa = PBXFileReference; lastKnownFileType = image.png; path = "Bed-32.png"; sourceTree = "<group>"; };
		CCE20FFF1B480F1D00853213 /* W20150704215311607.jpg */ = {isa = PBXFileReference; lastKnownFileType = image.jpeg; path = W20150704215311607.jpg; sourceTree = "<group>"; };
		CCF03B3B1B4BA87D00E34191 /* Frame-50.png */ = {isa = PBXFileReference; lastKnownFileType = image.png; path = "Frame-50.png"; sourceTree = "<group>"; };
		CCF03B3D1B4BAF0E00E34191 /* Frame-100.png */ = {isa = PBXFileReference; lastKnownFileType = image.png; path = "Frame-100.png"; sourceTree = "<group>"; };
/* End PBXFileReference section */

/* Begin PBXFrameworksBuildPhase section */
		8E2C90F91B09C35200761A1E /* Frameworks */ = {
			isa = PBXFrameworksBuildPhase;
			buildActionMask = 2147483647;
			files = (
				8E2C91271B09C39500761A1E /* CoreMotion.framework in Frameworks */,
				8E2C91251B09C38B00761A1E /* UIKit.framework in Frameworks */,
			);
			runOnlyForDeploymentPostprocessing = 0;
		};
		8E2C91111B09C35200761A1E /* Frameworks */ = {
			isa = PBXFrameworksBuildPhase;
			buildActionMask = 2147483647;
			files = (
			);
			runOnlyForDeploymentPostprocessing = 0;
		};
/* End PBXFrameworksBuildPhase section */

/* Begin PBXGroup section */
		8E2C90F31B09C35200761A1E = {
			isa = PBXGroup;
			children = (
				8ED06F2E1B241DD600F448D2 /* libcupolicy.dylib */,
				8ED06F2C1B241DC500F448D2 /* CFNetwork.framework */,
				8ED06F2A1B241DBD00F448D2 /* Security.framework */,
				8ED06F281B241DB200F448D2 /* Foundation.framework */,
				8E2C91261B09C39500761A1E /* CoreMotion.framework */,
				8E2C91241B09C38B00761A1E /* UIKit.framework */,
				8E2C90FE1B09C35200761A1E /* GyroArray */,
				8E2C91171B09C35200761A1E /* GyroArrayTests */,
				8E2C90FD1B09C35200761A1E /* Products */,
			);
			sourceTree = "<group>";
		};
		8E2C90FD1B09C35200761A1E /* Products */ = {
			isa = PBXGroup;
			children = (
				8E2C90FC1B09C35200761A1E /* GyroArray.app */,
				8E2C91141B09C35200761A1E /* GyroArrayTests.xctest */,
			);
			name = Products;
			sourceTree = "<group>";
		};
		8E2C90FE1B09C35200761A1E /* GyroArray */ = {
			isa = PBXGroup;
			children = (
				CCF03B3D1B4BAF0E00E34191 /* Frame-100.png */,
				CCF03B3B1B4BA87D00E34191 /* Frame-50.png */,
				CCD66E291B4BA16900FA68C6 /* Bed-32.png */,
				CCD66E271B4BA10300FA68C6 /* Twitter-32.png */,
				CCD66E251B4BA0CD00FA68C6 /* Twitter-25.png */,
				CCD66E231B4B9E1600FA68C6 /* Twitter-50.png */,
				CCD66E211B4B9CA600FA68C6 /* Bullish-50.png */,
				CCD66E1F1B4B9BEC00FA68C6 /* Clock-50.png */,
				CCE20FFF1B480F1D00853213 /* W20150704215311607.jpg */,
				CC36C0821B46E73D00574280 /* kid_fort.jpg */,
				CC36C0801B46E65200574280 /* sample.mp3 */,
				CC36C07E1B46E5E900574280 /* ViewController2.swift */,
				CC11B7611B47054400F2BBBE /* ViewControlle5.swift */,
				CC36C0861B46F3E200574280 /* ViewController4.swift */,
				CCC4B2A61B46E079006CDDDF /* IMG_0021.JPG */,
				CCC4B2981B46A399006CDDDF /* hot-milk.jpg */,
				CCC4B2961B46A219006CDDDF /* female-jogger-silhouette-fog-sunset-run-bay-area-sky.jpg */,
				CCC4B2921B4692CF006CDDDF /* Read-A-Book.jpg */,
				CCC4B28E1B4665A5006CDDDF /* sleep001-580x333.jpg */,
				8E2C91011B09C35200761A1E /* AppDelegate.swift */,
				8E2C91081B09C35200761A1E /* Main.storyboard */,
				8E2C910B1B09C35200761A1E /* Images.xcassets */,
				8E2C910D1B09C35200761A1E /* LaunchScreen.xib */,
				8E2C91031B09C35200761A1E /* GyroArray.xcdatamodeld */,
				8E2C90FF1B09C35200761A1E /* Supporting Files */,
				8E6489711B23C5700091190D /* getMotionSensor.swift */,
				8EAFA76F1B392357005FCCD8 /* httpgets.swift */,
				8E6489731B23C61C0091190D /* JsonSaveData.swift */,
				8EA19C661B30787F004A3794 /* SaveDataAll.swift */,
			);
			path = GyroArray;
			sourceTree = "<group>";
		};
		8E2C90FF1B09C35200761A1E /* Supporting Files */ = {
			isa = PBXGroup;
			children = (
			);
			name = "Supporting Files";
			sourceTree = "<group>";
		};
		8E2C91171B09C35200761A1E /* GyroArrayTests */ = {
			isa = PBXGroup;
			children = (
				8E2C911A1B09C35200761A1E /* GyroArrayTests.swift */,
				8E2C91181B09C35200761A1E /* Supporting Files */,
			);
			path = GyroArrayTests;
			sourceTree = "<group>";
		};
		8E2C91181B09C35200761A1E /* Supporting Files */ = {
			isa = PBXGroup;
			children = (
				8E2C91191B09C35200761A1E /* Info.plist */,
			);
			name = "Supporting Files";
			sourceTree = "<group>";
		};
/* End PBXGroup section */

/* Begin PBXNativeTarget section */
		8E2C90FB1B09C35200761A1E /* GyroArray */ = {
			isa = PBXNativeTarget;
			buildConfigurationList = 8E2C911E1B09C35200761A1E /* Build configuration list for PBXNativeTarget "GyroArray" */;
			buildPhases = (
				8E2C90F81B09C35200761A1E /* Sources */,
				8E2C90F91B09C35200761A1E /* Frameworks */,
				8E2C90FA1B09C35200761A1E /* Resources */,
			);
			buildRules = (
			);
			dependencies = (
			);
			name = GyroArray;
			productName = GyroArray;
			productReference = 8E2C90FC1B09C35200761A1E /* GyroArray.app */;
			productType = "com.apple.product-type.application";
		};
		8E2C91131B09C35200761A1E /* GyroArrayTests */ = {
			isa = PBXNativeTarget;
			buildConfigurationList = 8E2C91211B09C35200761A1E /* Build configuration list for PBXNativeTarget "GyroArrayTests" */;
			buildPhases = (
				8E2C91101B09C35200761A1E /* Sources */,
				8E2C91111B09C35200761A1E /* Frameworks */,
				8E2C91121B09C35200761A1E /* Resources */,
			);
			buildRules = (
			);
			dependencies = (
				8E2C91161B09C35200761A1E /* PBXTargetDependency */,
			);
			name = GyroArrayTests;
			productName = GyroArrayTests;
			productReference = 8E2C91141B09C35200761A1E /* GyroArrayTests.xctest */;
			productType = "com.apple.product-type.bundle.unit-test";
		};
/* End PBXNativeTarget section */

/* Begin PBXProject section */
		8E2C90F41B09C35200761A1E /* Project object */ = {
			isa = PBXProject;
			attributes = {
				LastUpgradeCheck = 0630;
				ORGANIZATIONNAME = mycompany;
				TargetAttributes = {
					8E2C90FB1B09C35200761A1E = {
						CreatedOnToolsVersion = 6.3.1;
						DevelopmentTeam = YW5NR6JLRM;
					};
					8E2C91131B09C35200761A1E = {
						CreatedOnToolsVersion = 6.3.1;
						TestTargetID = 8E2C90FB1B09C35200761A1E;
					};
				};
			};
			buildConfigurationList = 8E2C90F71B09C35200761A1E /* Build configuration list for PBXProject "GyroArray" */;
			compatibilityVersion = "Xcode 3.2";
			developmentRegion = English;
			hasScannedForEncodings = 0;
			knownRegions = (
				en,
				Base,
			);
			mainGroup = 8E2C90F31B09C35200761A1E;
			productRefGroup = 8E2C90FD1B09C35200761A1E /* Products */;
			projectDirPath = "";
			projectRoot = "";
			targets = (
				8E2C90FB1B09C35200761A1E /* GyroArray */,
				8E2C91131B09C35200761A1E /* GyroArrayTests */,
			);
		};
/* End PBXProject section */

/* Begin PBXResourcesBuildPhase section */
		8E2C90FA1B09C35200761A1E /* Resources */ = {
			isa = PBXResourcesBuildPhase;
			buildActionMask = 2147483647;
			files = (
				CCC4B28F1B4665A5006CDDDF /* sleep001-580x333.jpg in Resources */,
				CC36C0831B46E73D00574280 /* kid_fort.jpg in Resources */,
				8E2C910A1B09C35200761A1E /* Main.storyboard in Resources */,
				CCD66E221B4B9CA600FA68C6 /* Bullish-50.png in Resources */,
				CC36C0811B46E65200574280 /* sample.mp3 in Resources */,
				CCC4B2A71B46E079006CDDDF /* IMG_0021.JPG in Resources */,
				CCF03B3C1B4BA87D00E34191 /* Frame-50.png in Resources */,
				CCD66E281B4BA10300FA68C6 /* Twitter-32.png in Resources */,
				CCD66E241B4B9E1600FA68C6 /* Twitter-50.png in Resources */,
				CCD66E201B4B9BEC00FA68C6 /* Clock-50.png in Resources */,
				CCC4B2931B4692CF006CDDDF /* Read-A-Book.jpg in Resources */,
				8E2C910F1B09C35200761A1E /* LaunchScreen.xib in Resources */,
				CCF03B3E1B4BAF0E00E34191 /* Frame-100.png in Resources */,
				CCD66E261B4BA0CD00FA68C6 /* Twitter-25.png in Resources */,
				CCC4B2971B46A219006CDDDF /* female-jogger-silhouette-fog-sunset-run-bay-area-sky.jpg in Resources */,
				8E2C910C1B09C35200761A1E /* Images.xcassets in Resources */,
				CCC4B2991B46A399006CDDDF /* hot-milk.jpg in Resources */,
				CCD66E2A1B4BA16900FA68C6 /* Bed-32.png in Resources */,
				CCE210001B480F1D00853213 /* W20150704215311607.jpg in Resources */,
			);
			runOnlyForDeploymentPostprocessing = 0;
		};
		8E2C91121B09C35200761A1E /* Resources */ = {
			isa = PBXResourcesBuildPhase;
			buildActionMask = 2147483647;
			files = (
			);
			runOnlyForDeploymentPostprocessing = 0;
		};
/* End PBXResourcesBuildPhase section */

/* Begin PBXSourcesBuildPhase section */
		8E2C90F81B09C35200761A1E /* Sources */ = {
			isa = PBXSourcesBuildPhase;
			buildActionMask = 2147483647;
			files = (
				CC36C07F1B46E5E900574280 /* ViewController2.swift in Sources */,
				8E6489721B23C5700091190D /* getMotionSensor.swift in Sources */,
				8EA19C671B30787F004A3794 /* SaveDataAll.swift in Sources */,
				CC36C0871B46F3E200574280 /* ViewController4.swift in Sources */,
				8E2C91051B09C35200761A1E /* GyroArray.xcdatamodeld in Sources */,
				8EAFA7701B392357005FCCD8 /* httpgets.swift in Sources */,
				8E2C91021B09C35200761A1E /* AppDelegate.swift in Sources */,
				CC11B7621B47054400F2BBBE /* ViewControlle5.swift in Sources */,
				8E6489741B23C61C0091190D /* JsonSaveData.swift in Sources */,
			);
			runOnlyForDeploymentPostprocessing = 0;
		};
		8E2C91101B09C35200761A1E /* Sources */ = {
			isa = PBXSourcesBuildPhase;
			buildActionMask = 2147483647;
			files = (
				8E2C911B1B09C35200761A1E /* GyroArrayTests.swift in Sources */,
			);
			runOnlyForDeploymentPostprocessing = 0;
		};
/* End PBXSourcesBuildPhase section */

/* Begin PBXTargetDependency section */
		8E2C91161B09C35200761A1E /* PBXTargetDependency */ = {
			isa = PBXTargetDependency;
			target = 8E2C90FB1B09C35200761A1E /* GyroArray */;
			targetProxy = 8E2C91151B09C35200761A1E /* PBXContainerItemProxy */;
		};
/* End PBXTargetDependency section */

/* Begin PBXVariantGroup section */
		8E2C91081B09C35200761A1E /* Main.storyboard */ = {
			isa = PBXVariantGroup;
			children = (
				8E2C91091B09C35200761A1E /* Base */,
			);
			name = Main.storyboard;
			sourceTree = "<group>";
		};
		8E2C910D1B09C35200761A1E /* LaunchScreen.xib */ = {
			isa = PBXVariantGroup;
			children = (
				8E2C910E1B09C35200761A1E /* Base */,
			);
			name = LaunchScreen.xib;
			sourceTree = "<group>";
		};
/* End PBXVariantGroup section */

/* Begin XCBuildConfiguration section */
		8E2C911C1B09C35200761A1E /* Debug */ = {
			isa = XCBuildConfiguration;
			buildSettings = {
				ALWAYS_SEARCH_USER_PATHS = NO;
				CLANG_CXX_LANGUAGE_STANDARD = "gnu++0x";
				CLANG_CXX_LIBRARY = "libc++";
				CLANG_ENABLE_MODULES = YES;
				CLANG_ENABLE_OBJC_ARC = YES;
				CLANG_WARN_BOOL_CONVERSION = YES;
				CLANG_WARN_CONSTANT_CONVERSION = YES;
				CLANG_WARN_DIRECT_OBJC_ISA_USAGE = YES_ERROR;
				CLANG_WARN_EMPTY_BODY = YES;
				CLANG_WARN_ENUM_CONVERSION = YES;
				CLANG_WARN_INT_CONVERSION = YES;
				CLANG_WARN_OBJC_ROOT_CLASS = YES_ERROR;
				CLANG_WARN_UNREACHABLE_CODE = YES;
				CLANG_WARN__DUPLICATE_METHOD_MATCH = YES;
				"CODE_SIGN_IDENTITY[sdk=iphoneos*]" = "iPhone Developer";
				COPY_PHASE_STRIP = NO;
				DEBUG_INFORMATION_FORMAT = "dwarf-with-dsym";
				ENABLE_STRICT_OBJC_MSGSEND = YES;
				GCC_C_LANGUAGE_STANDARD = gnu99;
				GCC_DYNAMIC_NO_PIC = NO;
				GCC_NO_COMMON_BLOCKS = YES;
				GCC_OPTIMIZATION_LEVEL = 0;
				GCC_PREPROCESSOR_DEFINITIONS = (
					"DEBUG=1",
					"$(inherited)",
				);
				GCC_SYMBOLS_PRIVATE_EXTERN = NO;
				GCC_WARN_64_TO_32_BIT_CONVERSION = YES;
				GCC_WARN_ABOUT_RETURN_TYPE = YES_ERROR;
				GCC_WARN_UNDECLARED_SELECTOR = YES;
				GCC_WARN_UNINITIALIZED_AUTOS = YES_AGGRESSIVE;
				GCC_WARN_UNUSED_FUNCTION = YES;
				GCC_WARN_UNUSED_VARIABLE = YES;
				IPHONEOS_DEPLOYMENT_TARGET = 8.3;
				MTL_ENABLE_DEBUG_INFO = YES;
				ONLY_ACTIVE_ARCH = YES;
				SDKROOT = iphoneos;
				SWIFT_OPTIMIZATION_LEVEL = "-Onone";
				TARGETED_DEVICE_FAMILY = "1,2";
			};
			name = Debug;
		};
		8E2C911D1B09C35200761A1E /* Release */ = {
			isa = XCBuildConfiguration;
			buildSettings = {
				ALWAYS_SEARCH_USER_PATHS = NO;
				CLANG_CXX_LANGUAGE_STANDARD = "gnu++0x";
				CLANG_CXX_LIBRARY = "libc++";
				CLANG_ENABLE_MODULES = YES;
				CLANG_ENABLE_OBJC_ARC = YES;
				CLANG_WARN_BOOL_CONVERSION = YES;
				CLANG_WARN_CONSTANT_CONVERSION = YES;
				CLANG_WARN_DIRECT_OBJC_ISA_USAGE = YES_ERROR;
				CLANG_WARN_EMPTY_BODY = YES;
				CLANG_WARN_ENUM_CONVERSION = YES;
				CLANG_WARN_INT_CONVERSION = YES;
				CLANG_WARN_OBJC_ROOT_CLASS = YES_ERROR;
				CLANG_WARN_UNREACHABLE_CODE = YES;
				CLANG_WARN__DUPLICATE_METHOD_MATCH = YES;
				"CODE_SIGN_IDENTITY[sdk=iphoneos*]" = "iPhone Developer";
				COPY_PHASE_STRIP = NO;
				DEBUG_INFORMATION_FORMAT = "dwarf-with-dsym";
				ENABLE_NS_ASSERTIONS = NO;
				ENABLE_STRICT_OBJC_MSGSEND = YES;
				GCC_C_LANGUAGE_STANDARD = gnu99;
				GCC_NO_COMMON_BLOCKS = YES;
				GCC_WARN_64_TO_32_BIT_CONVERSION = YES;
				GCC_WARN_ABOUT_RETURN_TYPE = YES_ERROR;
				GCC_WARN_UNDECLARED_SELECTOR = YES;
				GCC_WARN_UNINITIALIZED_AUTOS = YES_AGGRESSIVE;
				GCC_WARN_UNUSED_FUNCTION = YES;
				GCC_WARN_UNUSED_VARIABLE = YES;
				IPHONEOS_DEPLOYMENT_TARGET = 8.3;
				MTL_ENABLE_DEBUG_INFO = NO;
				SDKROOT = iphoneos;
				TARGETED_DEVICE_FAMILY = "1,2";
				VALIDATE_PRODUCT = YES;
			};
			name = Release;
		};
		8E2C911F1B09C35200761A1E /* Debug */ = {
			isa = XCBuildConfiguration;
			buildSettings = {
				ASSETCATALOG_COMPILER_APPICON_NAME = AppIcon;
				CODE_SIGN_IDENTITY = "iPhone Developer";
				INFOPLIST_FILE = GyroArray/Info.plist;
				LD_RUNPATH_SEARCH_PATHS = "$(inherited) @executable_path/Frameworks";
				PRODUCT_NAME = "$(TARGET_NAME)";
				SWIFT_OBJC_BRIDGING_HEADER = "";
				TARGETED_DEVICE_FAMILY = "1,2";
			};
			name = Debug;
		};
		8E2C91201B09C35200761A1E /* Release */ = {
			isa = XCBuildConfiguration;
			buildSettings = {
				ASSETCATALOG_COMPILER_APPICON_NAME = AppIcon;
				CODE_SIGN_IDENTITY = "iPhone Developer";
				INFOPLIST_FILE = GyroArray/Info.plist;
				LD_RUNPATH_SEARCH_PATHS = "$(inherited) @executable_path/Frameworks";
				PRODUCT_NAME = "$(TARGET_NAME)";
				SWIFT_OBJC_BRIDGING_HEADER = "";
				TARGETED_DEVICE_FAMILY = "1,2";
			};
			name = Release;
		};
		8E2C91221B09C35200761A1E /* Debug */ = {
			isa = XCBuildConfiguration;
			buildSettings = {
				BUNDLE_LOADER = "$(TEST_HOST)";
				FRAMEWORK_SEARCH_PATHS = (
					"$(SDKROOT)/Developer/Library/Frameworks",
					"$(inherited)",
				);
				GCC_PREPROCESSOR_DEFINITIONS = (
					"DEBUG=1",
					"$(inherited)",
				);
				INFOPLIST_FILE = GyroArrayTests/Info.plist;
				LD_RUNPATH_SEARCH_PATHS = "$(inherited) @executable_path/Frameworks @loader_path/Frameworks";
				PRODUCT_NAME = "$(TARGET_NAME)";
				TEST_HOST = "$(BUILT_PRODUCTS_DIR)/GyroArray.app/GyroArray";
			};
			name = Debug;
		};
		8E2C91231B09C35200761A1E /* Release */ = {
			isa = XCBuildConfiguration;
			buildSettings = {
				BUNDLE_LOADER = "$(TEST_HOST)";
				FRAMEWORK_SEARCH_PATHS = (
					"$(SDKROOT)/Developer/Library/Frameworks",
					"$(inherited)",
				);
				INFOPLIST_FILE = GyroArrayTests/Info.plist;
				LD_RUNPATH_SEARCH_PATHS = "$(inherited) @executable_path/Frameworks @loader_path/Frameworks";
				PRODUCT_NAME = "$(TARGET_NAME)";
				TEST_HOST = "$(BUILT_PRODUCTS_DIR)/GyroArray.app/GyroArray";
			};
			name = Release;
		};
/* End XCBuildConfiguration section */

/* Begin XCConfigurationList section */
		8E2C90F71B09C35200761A1E /* Build configuration list for PBXProject "GyroArray" */ = {
			isa = XCConfigurationList;
			buildConfigurations = (
				8E2C911C1B09C35200761A1E /* Debug */,
				8E2C911D1B09C35200761A1E /* Release */,
			);
			defaultConfigurationIsVisible = 0;
			defaultConfigurationName = Release;
		};
		8E2C911E1B09C35200761A1E /* Build configuration list for PBXNativeTarget "GyroArray" */ = {
			isa = XCConfigurationList;
			buildConfigurations = (
				8E2C911F1B09C35200761A1E /* Debug */,
				8E2C91201B09C35200761A1E /* Release */,
			);
			defaultConfigurationIsVisible = 0;
			defaultConfigurationName = Release;
		};
		8E2C91211B09C35200761A1E /* Build configuration list for PBXNativeTarget "GyroArrayTests" */ = {
			isa = XCConfigurationList;
			buildConfigurations = (
				8E2C91221B09C35200761A1E /* Debug */,
				8E2C91231B09C35200761A1E /* Release */,
			);
			defaultConfigurationIsVisible = 0;
			defaultConfigurationName = Release;
		};
/* End XCConfigurationList section */

/* Begin XCVersionGroup section */
		8E2C91031B09C35200761A1E /* GyroArray.xcdatamodeld */ = {
			isa = XCVersionGroup;
			children = (
				8E2C91041B09C35200761A1E /* GyroArray.xcdatamodel */,
			);
			currentVersion = 8E2C91041B09C35200761A1E /* GyroArray.xcdatamodel */;
			path = GyroArray.xcdatamodeld;
			sourceTree = "<group>";
			versionGroupType = wrapper.xcdatamodel;
		};
/* End XCVersionGroup section */
	};
	rootObject = 8E2C90F41B09C35200761A1E /* Project object */;
}
